// !$*UTF8*$!
{
	archiveVersion = 1;
	classes = {
	};
	objectVersion = 46;
	objects = {

/* Begin PBXAggregateTarget section */
		C57870301C0654BE0021CDFF /* max-package */ = {
			isa = PBXAggregateTarget;
			buildConfigurationList = C57870311C0654BE0021CDFF /* Build configuration list for PBXAggregateTarget "max-package" */;
			buildPhases = (
				C57870341C0654F10021CDFF /* ShellScript */,
			);
			dependencies = (
				C57870361C06561E0021CDFF /* PBXTargetDependency */,
			);
			name = "max-package";
			productName = "max-package";
		};
/* End PBXAggregateTarget section */

/* Begin PBXBuildFile section */
		22301F4310D7BC4000C1989F /* jit.freenect.grab.c in Sources */ = {isa = PBXBuildFile; fileRef = 22301F4110D7BC4000C1989F /* jit.freenect.grab.c */; };
		22301F4410D7BC4000C1989F /* max.jit.freenect.grab.c in Sources */ = {isa = PBXBuildFile; fileRef = 22301F4210D7BC4000C1989F /* max.jit.freenect.grab.c */; };
/* End PBXBuildFile section */

/* Begin PBXContainerItemProxy section */
		C57870351C06561E0021CDFF /* PBXContainerItemProxy */ = {
			isa = PBXContainerItemProxy;
			containerPortal = 089C1669FE841209C02AAC07 /* Project object */;
			proxyType = 1;
			remoteGlobalIDString = 2FBBEAD608F335360078DB84;
			remoteInfo = "max-external";
		};
/* End PBXContainerItemProxy section */

/* Begin PBXFileReference section */
		22301F4110D7BC4000C1989F /* jit.freenect.grab.c */ = {isa = PBXFileReference; fileEncoding = 4; lastKnownFileType = sourcecode.c.c; path = jit.freenect.grab.c; sourceTree = "<group>"; };
		22301F4210D7BC4000C1989F /* max.jit.freenect.grab.c */ = {isa = PBXFileReference; fileEncoding = 4; lastKnownFileType = sourcecode.c.c; path = max.jit.freenect.grab.c; sourceTree = "<group>"; };
		2FBBEAE508F335360078DB84 /* jit.freenect.grab.mxo */ = {isa = PBXFileReference; explicitFileType = wrapper.cfbundle; includeInIndex = 0; path = jit.freenect.grab.mxo; sourceTree = BUILT_PRODUCTS_DIR; };
		C578703B1C065D350021CDFF /* jit.freenect.grab.maxhelp */ = {isa = PBXFileReference; lastKnownFileType = text; path = jit.freenect.grab.maxhelp; sourceTree = "<group>"; };
		C578703C1C065D350021CDFF /* README.txt */ = {isa = PBXFileReference; lastKnownFileType = text; path = README.txt; sourceTree = "<group>"; };
		C58E2C951B7A5C67002C650C /* jitfreenect-maxsdk.xcconfig */ = {isa = PBXFileReference; lastKnownFileType = text.xcconfig; path = "jitfreenect-maxsdk.xcconfig"; sourceTree = "<group>"; };
/* End PBXFileReference section */

/* Begin PBXFrameworksBuildPhase section */
		2FBBEADC08F335360078DB84 /* Frameworks */ = {
			isa = PBXFrameworksBuildPhase;
			buildActionMask = 2147483647;
			files = (
			);
			runOnlyForDeploymentPostprocessing = 0;
		};
/* End PBXFrameworksBuildPhase section */

/* Begin PBXGroup section */
		089C166AFE841209C02AAC07 /* iterator */ = {
			isa = PBXGroup;
			children = (
				C58E2C951B7A5C67002C650C /* jitfreenect-maxsdk.xcconfig */,
				08FB77ADFE841716C02AAC07 /* Source */,
				C57870371C065D350021CDFF /* max-package */,
				089C1671FE841209C02AAC07 /* External Frameworks and Libraries */,
				19C28FB4FE9D528D11CA2CBB /* Products */,
			);
			name = iterator;
			sourceTree = "<group>";
		};
		089C1671FE841209C02AAC07 /* External Frameworks and Libraries */ = {
			isa = PBXGroup;
			children = (
			);
			name = "External Frameworks and Libraries";
			sourceTree = "<group>";
		};
		08FB77ADFE841716C02AAC07 /* Source */ = {
			isa = PBXGroup;
			children = (
				22301F4210D7BC4000C1989F /* max.jit.freenect.grab.c */,
				22301F4110D7BC4000C1989F /* jit.freenect.grab.c */,
			);
			name = Source;
			sourceTree = "<group>";
		};
		19C28FB4FE9D528D11CA2CBB /* Products */ = {
			isa = PBXGroup;
			children = (
				2FBBEAE508F335360078DB84 /* jit.freenect.grab.mxo */,
			);
			name = Products;
			sourceTree = "<group>";
		};
		C57870371C065D350021CDFF /* max-package */ = {
			isa = PBXGroup;
			children = (
				C57870381C065D350021CDFF /* jit.freenect.grab */,
			);
			path = "max-package";
			sourceTree = "<group>";
		};
		C57870381C065D350021CDFF /* jit.freenect.grab */ = {
			isa = PBXGroup;
			children = (
				C57870391C065D350021CDFF /* externals */,
				C578703A1C065D350021CDFF /* help */,
				C578703C1C065D350021CDFF /* README.txt */,
			);
			path = jit.freenect.grab;
			sourceTree = "<group>";
		};
		C57870391C065D350021CDFF /* externals */ = {
			isa = PBXGroup;
			children = (
			);
			path = externals;
			sourceTree = "<group>";
		};
		C578703A1C065D350021CDFF /* help */ = {
			isa = PBXGroup;
			children = (
				C578703B1C065D350021CDFF /* jit.freenect.grab.maxhelp */,
			);
			path = help;
			sourceTree = "<group>";
		};
/* End PBXGroup section */

/* Begin PBXHeadersBuildPhase section */
		2FBBEAD708F335360078DB84 /* Headers */ = {
			isa = PBXHeadersBuildPhase;
			buildActionMask = 2147483647;
			files = (
			);
			runOnlyForDeploymentPostprocessing = 0;
		};
/* End PBXHeadersBuildPhase section */

/* Begin PBXNativeTarget section */
		2FBBEAD608F335360078DB84 /* max-external */ = {
			isa = PBXNativeTarget;
			buildConfigurationList = 2FBBEAE008F335360078DB84 /* Build configuration list for PBXNativeTarget "max-external" */;
			buildPhases = (
				2FBBEAD708F335360078DB84 /* Headers */,
				2FBBEAD808F335360078DB84 /* Resources */,
				2FBBEADA08F335360078DB84 /* Sources */,
				2FBBEADC08F335360078DB84 /* Frameworks */,
				2FBBEADF08F335360078DB84 /* Rez */,
			);
			buildRules = (
			);
			dependencies = (
			);
			name = "max-external";
			productName = iterator;
			productReference = 2FBBEAE508F335360078DB84 /* jit.freenect.grab.mxo */;
			productType = "com.apple.product-type.bundle";
		};
/* End PBXNativeTarget section */

/* Begin PBXProject section */
		089C1669FE841209C02AAC07 /* Project object */ = {
			isa = PBXProject;
			attributes = {
				LastUpgradeCheck = 0610;
			};
			buildConfigurationList = 2FBBEACF08F335010078DB84 /* Build configuration list for PBXProject "jit.freenect.grab" */;
			compatibilityVersion = "Xcode 3.2";
			developmentRegion = English;
			hasScannedForEncodings = 1;
			knownRegions = (
				English,
				Japanese,
				French,
				German,
			);
			mainGroup = 089C166AFE841209C02AAC07 /* iterator */;
			projectDirPath = "";
			projectRoot = "";
			targets = (
				2FBBEAD608F335360078DB84 /* max-external */,
				C57870301C0654BE0021CDFF /* max-package */,
			);
		};
/* End PBXProject section */

/* Begin PBXResourcesBuildPhase section */
		2FBBEAD808F335360078DB84 /* Resources */ = {
			isa = PBXResourcesBuildPhase;
			buildActionMask = 2147483647;
			files = (
			);
			runOnlyForDeploymentPostprocessing = 0;
		};
/* End PBXResourcesBuildPhase section */

/* Begin PBXRezBuildPhase section */
		2FBBEADF08F335360078DB84 /* Rez */ = {
			isa = PBXRezBuildPhase;
			buildActionMask = 2147483647;
			files = (
			);
			runOnlyForDeploymentPostprocessing = 0;
		};
/* End PBXRezBuildPhase section */

/* Begin PBXShellScriptBuildPhase section */
		C57870341C0654F10021CDFF /* ShellScript */ = {
			isa = PBXShellScriptBuildPhase;
			buildActionMask = 2147483647;
			files = (
			);
			inputPaths = (
			);
			outputPaths = (
			);
			runOnlyForDeploymentPostprocessing = 0;
			shellPath = /bin/sh;
			shellScript = "echo removing previous build...\nrm -r $DSTROOT/max-package\necho copying source package files...\ncp -R $SRCROOT/max-package $DSTROOT/\necho copying freshly built external...\ncp -R $DSTROOT/jit.freenect.grab.mxo $DSTROOT/max-package/jit.freenect.grab/externals/\ncd $DSTROOT/max-package\necho current directory:\npwd\nls\necho zipping it up...\nzip -r jit.freenect.grab.zip *.*\necho copying to the package release folder....\ncp jit.freenect.grab.zip $SRCROOT/release";
		};
/* End PBXShellScriptBuildPhase section */

/* Begin PBXSourcesBuildPhase section */
		2FBBEADA08F335360078DB84 /* Sources */ = {
			isa = PBXSourcesBuildPhase;
			buildActionMask = 2147483647;
			files = (
				22301F4310D7BC4000C1989F /* jit.freenect.grab.c in Sources */,
				22301F4410D7BC4000C1989F /* max.jit.freenect.grab.c in Sources */,
			);
			runOnlyForDeploymentPostprocessing = 0;
		};
/* End PBXSourcesBuildPhase section */

/* Begin PBXTargetDependency section */
		C57870361C06561E0021CDFF /* PBXTargetDependency */ = {
			isa = PBXTargetDependency;
			target = 2FBBEAD608F335360078DB84 /* max-external */;
			targetProxy = C57870351C06561E0021CDFF /* PBXContainerItemProxy */;
		};
/* End PBXTargetDependency section */

/* Begin XCBuildConfiguration section */
		2FBBEAD008F335010078DB84 /* Development */ = {
			isa = XCBuildConfiguration;
			buildSettings = {
			};
			name = Development;
		};
		2FBBEAD108F335010078DB84 /* Deployment */ = {
			isa = XCBuildConfiguration;
			buildSettings = {
			};
			name = Deployment;
		};
		2FBBEAE108F335360078DB84 /* Development */ = {
			isa = XCBuildConfiguration;
			baseConfigurationReference = C58E2C951B7A5C67002C650C /* jitfreenect-maxsdk.xcconfig */;
			buildSettings = {
				COMBINE_HIDPI_IMAGES = YES;
				COPY_PHASE_STRIP = NO;
				FRAMEWORK_SEARCH_PATHS = "$(inherited)";
				GCC_OPTIMIZATION_LEVEL = 0;
				OTHER_LDFLAGS = (
					"$(C74_SYM_LINKER_FLAGS)",
					"$(JITFREENECT_LINKER_FLAGS)",
				);
			};
			name = Development;
		};
		2FBBEAE208F335360078DB84 /* Deployment */ = {
			isa = XCBuildConfiguration;
			baseConfigurationReference = C58E2C951B7A5C67002C650C /* jitfreenect-maxsdk.xcconfig */;
			buildSettings = {
				COMBINE_HIDPI_IMAGES = YES;
				COPY_PHASE_STRIP = YES;
				FRAMEWORK_SEARCH_PATHS = "$(inherited)";
				OTHER_LDFLAGS = (
					"$(C74_SYM_LINKER_FLAGS)",
					"$(JITFREENECT_LINKER_FLAGS)",
				);
			};
			name = Deployment;
		};
		C57870321C0654BE0021CDFF /* Development */ = {
			isa = XCBuildConfiguration;
			baseConfigurationReference = C58E2C951B7A5C67002C650C /* jitfreenect-maxsdk.xcconfig */;
			buildSettings = {
				PRODUCT_NAME = "$(TARGET_NAME)";
			};
			name = Development;
		};
		C57870331C0654BE0021CDFF /* Deployment */ = {
			isa = XCBuildConfiguration;
			baseConfigurationReference = C58E2C951B7A5C67002C650C /* jitfreenect-maxsdk.xcconfig */;
			buildSettings = {
				PRODUCT_NAME = "$(TARGET_NAME)";
			};
			name = Deployment;
		};
/* End XCBuildConfiguration section */

/* Begin XCConfigurationList section */
		2FBBEACF08F335010078DB84 /* Build configuration list for PBXProject "jit.freenect.grab" */ = {
			isa = XCConfigurationList;
			buildConfigurations = (
				2FBBEAD008F335010078DB84 /* Development */,
				2FBBEAD108F335010078DB84 /* Deployment */,
			);
			defaultConfigurationIsVisible = 0;
			defaultConfigurationName = Development;
		};
		2FBBEAE008F335360078DB84 /* Build configuration list for PBXNativeTarget "max-external" */ = {
			isa = XCConfigurationList;
			buildConfigurations = (
				2FBBEAE108F335360078DB84 /* Development */,
				2FBBEAE208F335360078DB84 /* Deployment */,
			);
			defaultConfigurationIsVisible = 0;
			defaultConfigurationName = Development;
		};
		C57870311C0654BE0021CDFF /* Build configuration list for PBXAggregateTarget "max-package" */ = {
			isa = XCConfigurationList;
			buildConfigurations = (
				C57870321C0654BE0021CDFF /* Development */,
				C57870331C0654BE0021CDFF /* Deployment */,
			);
			defaultConfigurationIsVisible = 0;
		};
/* End XCConfigurationList section */
	};
	rootObject = 089C1669FE841209C02AAC07 /* Project object */;
}
